// !$*UTF8*$!
{
	archiveVersion = 1;
	classes = {
	};
	objectVersion = 56;
	objects = {

/* Begin PBXBuildFile section */
		0F2EF9922B90845600CFE747 /* teachersTimetableSwiftUIView.swift in Sources */ = {isa = PBXBuildFile; fileRef = 0F2EF9912B90845600CFE747 /* teachersTimetableSwiftUIView.swift */; };
		0F3922682B8F20270019ECA5 /* addCoursePage.swift in Sources */ = {isa = PBXBuildFile; fileRef = 0F3922672B8F20270019ECA5 /* addCoursePage.swift */; };
		0FA43A822B90832C000858CA /* FirebaseAnalytics in Frameworks */ = {isa = PBXBuildFile; productRef = 0FA43A812B90832C000858CA /* FirebaseAnalytics */; };
		0FA43A842B90832C000858CA /* FirebaseAnalyticsSwift in Frameworks */ = {isa = PBXBuildFile; productRef = 0FA43A832B90832C000858CA /* FirebaseAnalyticsSwift */; };
		0FA43A862B90832C000858CA /* FirebaseAuth in Frameworks */ = {isa = PBXBuildFile; productRef = 0FA43A852B90832C000858CA /* FirebaseAuth */; };
		0FA43A882B90832C000858CA /* FirebaseDatabaseSwift in Frameworks */ = {isa = PBXBuildFile; productRef = 0FA43A872B90832C000858CA /* FirebaseDatabaseSwift */; };
		0FA43A8A2B90832C000858CA /* FirebaseFirestoreSwift in Frameworks */ = {isa = PBXBuildFile; productRef = 0FA43A892B90832C000858CA /* FirebaseFirestoreSwift */; };
		0FA43A8E2B90832C000858CA /* FirebaseInAppMessagingSwift-Beta in Frameworks */ = {isa = PBXBuildFile; productRef = 0FA43A8D2B90832C000858CA /* FirebaseInAppMessagingSwift-Beta */; };
		0FA43A902B90832C000858CA /* FirebaseRemoteConfigSwift in Frameworks */ = {isa = PBXBuildFile; productRef = 0FA43A8F2B90832C000858CA /* FirebaseRemoteConfigSwift */; };
		0FC7380F2B8DE67E00566981 /* LinkTutor_T_App.swift in Sources */ = {isa = PBXBuildFile; fileRef = 0FC7380E2B8DE67E00566981 /* LinkTutor_T_App.swift */; };
		0FC738112B8DE67E00566981 /* ContentView.swift in Sources */ = {isa = PBXBuildFile; fileRef = 0FC738102B8DE67E00566981 /* ContentView.swift */; };
		0FC738132B8DE67F00566981 /* Assets.xcassets in Resources */ = {isa = PBXBuildFile; fileRef = 0FC738122B8DE67F00566981 /* Assets.xcassets */; };
		0FC738162B8DE67F00566981 /* Preview Assets.xcassets in Resources */ = {isa = PBXBuildFile; fileRef = 0FC738152B8DE67F00566981 /* Preview Assets.xcassets */; };
		0FC738202B8DE68000566981 /* LinkTutor_T_Tests.swift in Sources */ = {isa = PBXBuildFile; fileRef = 0FC7381F2B8DE68000566981 /* LinkTutor_T_Tests.swift */; };
		0FC7382A2B8DE68000566981 /* LinkTutor_T_UITests.swift in Sources */ = {isa = PBXBuildFile; fileRef = 0FC738292B8DE68000566981 /* LinkTutor_T_UITests.swift */; };
		0FC7382C2B8DE68000566981 /* LinkTutor_T_UITestsLaunchTests.swift in Sources */ = {isa = PBXBuildFile; fileRef = 0FC7382B2B8DE68000566981 /* LinkTutor_T_UITestsLaunchTests.swift */; };
		0FC738392B8DE6A400566981 /* appFonts.swift in Sources */ = {isa = PBXBuildFile; fileRef = 0FC738382B8DE6A400566981 /* appFonts.swift */; };
		0FC7383B2B8DE6B800566981 /* TeacherHomePage.swift in Sources */ = {isa = PBXBuildFile; fileRef = 0FC7383A2B8DE6B800566981 /* TeacherHomePage.swift */; };
		0FC738432B8DE6E800566981 /* myProfileView.swift in Sources */ = {isa = PBXBuildFile; fileRef = 0FC738422B8DE6E800566981 /* myProfileView.swift */; };
		0FC7384B2B8DE6F800566981 /* loginPageSwiftUIView.swift in Sources */ = {isa = PBXBuildFile; fileRef = 0FC738462B8DE6F800566981 /* loginPageSwiftUIView.swift */; };
		0FC7384F2B8DE71200566981 /* profileCard.swift in Sources */ = {isa = PBXBuildFile; fileRef = 0FC7384E2B8DE71200566981 /* profileCard.swift */; };
		0FC738552B8DE77B00566981 /* header.swift in Sources */ = {isa = PBXBuildFile; fileRef = 0FC738542B8DE77B00566981 /* header.swift */; };
		0FC738592B8DE7C400566981 /* Notifications.swift in Sources */ = {isa = PBXBuildFile; fileRef = 0FC738582B8DE7C400566981 /* Notifications.swift */; };
		0FC7385F2B8DE7D500566981 /* gradient header.swift in Sources */ = {isa = PBXBuildFile; fileRef = 0FC7385A2B8DE7D400566981 /* gradient header.swift */; };
		0FC738602B8DE7D500566981 /* accentLongHeader.swift in Sources */ = {isa = PBXBuildFile; fileRef = 0FC7385B2B8DE7D400566981 /* accentLongHeader.swift */; };
		0FC738612B8DE7D500566981 /* accentClassViewHeader.swift in Sources */ = {isa = PBXBuildFile; fileRef = 0FC7385C2B8DE7D400566981 /* accentClassViewHeader.swift */; };
		0FC738632B8DE7D500566981 /* accentHeader.swift in Sources */ = {isa = PBXBuildFile; fileRef = 0FC7385E2B8DE7D400566981 /* accentHeader.swift */; };
		0FC738652B8DE7F400566981 /* sectionHeader.swift in Sources */ = {isa = PBXBuildFile; fileRef = 0FC738642B8DE7F400566981 /* sectionHeader.swift */; };
		0FE4B9372B9052A6008CB61A /* classLocationSwiftUIView.swift in Sources */ = {isa = PBXBuildFile; fileRef = 0FE4B9362B9052A6008CB61A /* classLocationSwiftUIView.swift */; };
		8428368A2BBB3A3000DF4BDE /* myClassesView.swift in Sources */ = {isa = PBXBuildFile; fileRef = 842836892BBB3A3000DF4BDE /* myClassesView.swift */; };
		8428368D2BBB522000DF4BDE /* chatView.swift in Sources */ = {isa = PBXBuildFile; fileRef = 8428368C2BBB522000DF4BDE /* chatView.swift */; };
		8428368F2BBB524100DF4BDE /* messageView.swift in Sources */ = {isa = PBXBuildFile; fileRef = 8428368E2BBB524100DF4BDE /* messageView.swift */; };
		842836912BBB577F00DF4BDE /* message.swift in Sources */ = {isa = PBXBuildFile; fileRef = 842836902BBB577F00DF4BDE /* message.swift */; };
		8449F3912BAD2CFD00135963 /* CalenderView.swift in Sources */ = {isa = PBXBuildFile; fileRef = 8449F3902BAD2CFD00135963 /* CalenderView.swift */; };
		8449F3932BAD2E7D00135963 /* calenderPage.swift in Sources */ = {isa = PBXBuildFile; fileRef = 8449F3922BAD2E7D00135963 /* calenderPage.swift */; };
		B1EB3CC82BBBDA0500BC7778 /* LandingPageCard.swift in Sources */ = {isa = PBXBuildFile; fileRef = B1EB3CC72BBBDA0500BC7778 /* LandingPageCard.swift */; };
		B1EB3CCA2BBBDABD00BC7778 /* quickInfoCard.swift in Sources */ = {isa = PBXBuildFile; fileRef = B1EB3CC92BBBDABD00BC7778 /* quickInfoCard.swift */; };
		B1EB3CCC2BBBDC3600BC7778 /* reviewCard.swift in Sources */ = {isa = PBXBuildFile; fileRef = B1EB3CCB2BBBDC3600BC7778 /* reviewCard.swift */; };
		B1EB3CCF2BBBDCBF00BC7778 /* ReviewDetails.swift in Sources */ = {isa = PBXBuildFile; fileRef = B1EB3CCE2BBBDCBF00BC7778 /* ReviewDetails.swift */; };
		DF2246132BB66AC000ED25D4 /* TeacherDetailsView.swift in Sources */ = {isa = PBXBuildFile; fileRef = DF2246122BB66AC000ED25D4 /* TeacherDetailsView.swift */; };
		DF2246162BB66DE300ED25D4 /* teacherSubjectList.swift in Sources */ = {isa = PBXBuildFile; fileRef = DF2246152BB66DE300ED25D4 /* teacherSubjectList.swift */; };
		DF22461F2BB67A4900ED25D4 /* StudentDetails.swift in Sources */ = {isa = PBXBuildFile; fileRef = DF22461E2BB67A4900ED25D4 /* StudentDetails.swift */; };
		DF23A2482BA2EFEE00005EDD /* homePageComplete.swift in Sources */ = {isa = PBXBuildFile; fileRef = DF23A2472BA2EFEE00005EDD /* homePageComplete.swift */; };
		DF283B142BA0801A0061FF83 /* enrolledClassCard.swift in Sources */ = {isa = PBXBuildFile; fileRef = DF283B132BA0801A0061FF83 /* enrolledClassCard.swift */; };
		DF283B162BA086680061FF83 /* enrolledClassCardList.swift in Sources */ = {isa = PBXBuildFile; fileRef = DF283B152BA086680061FF83 /* enrolledClassCardList.swift */; };
		DF283B182BA097700061FF83 /* updateCourse.swift in Sources */ = {isa = PBXBuildFile; fileRef = DF283B172BA0976F0061FF83 /* updateCourse.swift */; };
		DF578C7D2BA23E3E005D0CA1 /* RequestList.swift in Sources */ = {isa = PBXBuildFile; fileRef = DF578C7C2BA23E3E005D0CA1 /* RequestList.swift */; };
		DF578C7F2BA23E59005D0CA1 /* RequestListCard.swift in Sources */ = {isa = PBXBuildFile; fileRef = DF578C7E2BA23E59005D0CA1 /* RequestListCard.swift */; };
		DF6E75422BB6E9C200A93330 /* classLandingPage.swift in Sources */ = {isa = PBXBuildFile; fileRef = DF6E75412BB6E9C200A93330 /* classLandingPage.swift */; };
		DF70D9582B9EF49800461DF0 /* FirebaseStorage in Frameworks */ = {isa = PBXBuildFile; productRef = DF70D9572B9EF49800461DF0 /* FirebaseStorage */; };
		DF70D95A2B9EFAC200461DF0 /* ProfileInputView.swift in Sources */ = {isa = PBXBuildFile; fileRef = DF70D9592B9EFAC200461DF0 /* ProfileInputView.swift */; };
		DF70D95C2B9EFAD900461DF0 /* newPassword.swift in Sources */ = {isa = PBXBuildFile; fileRef = DF70D95B2B9EFAD900461DF0 /* newPassword.swift */; };
		DF860EFB2BA0515C00373BA1 /* skillType.swift in Sources */ = {isa = PBXBuildFile; fileRef = DF860EFA2BA0515C00373BA1 /* skillType.swift */; };
		DFAB0B8F2BA2586B00C012ED /* signUpView().swift in Sources */ = {isa = PBXBuildFile; fileRef = DFAB0B8E2BA2586B00C012ED /* signUpView().swift */; };
		DFAB0B912BA258A400C012ED /* User.swift in Sources */ = {isa = PBXBuildFile; fileRef = DFAB0B902BA258A400C012ED /* User.swift */; };
		DFB4225B2BB275B800562BC3 /* enrolledStudentList.swift in Sources */ = {isa = PBXBuildFile; fileRef = DFB4225A2BB275B800562BC3 /* enrolledStudentList.swift */; };
		DFB4225D2BB275DC00562BC3 /* enrolledStudentCard.swift in Sources */ = {isa = PBXBuildFile; fileRef = DFB4225C2BB275DC00562BC3 /* enrolledStudentCard.swift */; };
		DFCC35F12B9FA01C0087BD00 /* AuthViewModel.swift in Sources */ = {isa = PBXBuildFile; fileRef = DFCC35F02B9FA01C0087BD00 /* AuthViewModel.swift */; };
		DFCC35F32B9FA0E60087BD00 /* GoogleService-Info.plist in Resources */ = {isa = PBXBuildFile; fileRef = DFCC35F22B9FA0E60087BD00 /* GoogleService-Info.plist */; };
/* End PBXBuildFile section */

/* Begin PBXContainerItemProxy section */
		0FC7381C2B8DE68000566981 /* PBXContainerItemProxy */ = {
			isa = PBXContainerItemProxy;
			containerPortal = 0FC738032B8DE67E00566981 /* Project object */;
			proxyType = 1;
			remoteGlobalIDString = 0FC7380A2B8DE67E00566981;
			remoteInfo = "LinkTutor(T)";
		};
		0FC738262B8DE68000566981 /* PBXContainerItemProxy */ = {
			isa = PBXContainerItemProxy;
			containerPortal = 0FC738032B8DE67E00566981 /* Project object */;
			proxyType = 1;
			remoteGlobalIDString = 0FC7380A2B8DE67E00566981;
			remoteInfo = "LinkTutor(T)";
		};
/* End PBXContainerItemProxy section */

/* Begin PBXFileReference section */
		0F2EF9912B90845600CFE747 /* teachersTimetableSwiftUIView.swift */ = {isa = PBXFileReference; fileEncoding = 4; lastKnownFileType = sourcecode.swift; path = teachersTimetableSwiftUIView.swift; sourceTree = "<group>"; };
		0F3922672B8F20270019ECA5 /* addCoursePage.swift */ = {isa = PBXFileReference; lastKnownFileType = sourcecode.swift; path = addCoursePage.swift; sourceTree = "<group>"; };
		0FC7380B2B8DE67E00566981 /* LinkTutor(T).app */ = {isa = PBXFileReference; explicitFileType = wrapper.application; includeInIndex = 0; path = "LinkTutor(T).app"; sourceTree = BUILT_PRODUCTS_DIR; };
		0FC7380E2B8DE67E00566981 /* LinkTutor_T_App.swift */ = {isa = PBXFileReference; lastKnownFileType = sourcecode.swift; path = LinkTutor_T_App.swift; sourceTree = "<group>"; };
		0FC738102B8DE67E00566981 /* ContentView.swift */ = {isa = PBXFileReference; lastKnownFileType = sourcecode.swift; path = ContentView.swift; sourceTree = "<group>"; };
		0FC738122B8DE67F00566981 /* Assets.xcassets */ = {isa = PBXFileReference; lastKnownFileType = folder.assetcatalog; path = Assets.xcassets; sourceTree = "<group>"; };
		0FC738152B8DE67F00566981 /* Preview Assets.xcassets */ = {isa = PBXFileReference; lastKnownFileType = folder.assetcatalog; path = "Preview Assets.xcassets"; sourceTree = "<group>"; };
		0FC7381B2B8DE68000566981 /* LinkTutor(T)Tests.xctest */ = {isa = PBXFileReference; explicitFileType = wrapper.cfbundle; includeInIndex = 0; path = "LinkTutor(T)Tests.xctest"; sourceTree = BUILT_PRODUCTS_DIR; };
		0FC7381F2B8DE68000566981 /* LinkTutor_T_Tests.swift */ = {isa = PBXFileReference; lastKnownFileType = sourcecode.swift; path = LinkTutor_T_Tests.swift; sourceTree = "<group>"; };
		0FC738252B8DE68000566981 /* LinkTutor(T)UITests.xctest */ = {isa = PBXFileReference; explicitFileType = wrapper.cfbundle; includeInIndex = 0; path = "LinkTutor(T)UITests.xctest"; sourceTree = BUILT_PRODUCTS_DIR; };
		0FC738292B8DE68000566981 /* LinkTutor_T_UITests.swift */ = {isa = PBXFileReference; lastKnownFileType = sourcecode.swift; path = LinkTutor_T_UITests.swift; sourceTree = "<group>"; };
		0FC7382B2B8DE68000566981 /* LinkTutor_T_UITestsLaunchTests.swift */ = {isa = PBXFileReference; lastKnownFileType = sourcecode.swift; path = LinkTutor_T_UITestsLaunchTests.swift; sourceTree = "<group>"; };
		0FC738382B8DE6A400566981 /* appFonts.swift */ = {isa = PBXFileReference; fileEncoding = 4; lastKnownFileType = sourcecode.swift; path = appFonts.swift; sourceTree = "<group>"; };
		0FC7383A2B8DE6B800566981 /* TeacherHomePage.swift */ = {isa = PBXFileReference; fileEncoding = 4; lastKnownFileType = sourcecode.swift; path = TeacherHomePage.swift; sourceTree = "<group>"; };
		0FC738422B8DE6E800566981 /* myProfileView.swift */ = {isa = PBXFileReference; fileEncoding = 4; lastKnownFileType = sourcecode.swift; path = myProfileView.swift; sourceTree = "<group>"; };
		0FC738462B8DE6F800566981 /* loginPageSwiftUIView.swift */ = {isa = PBXFileReference; fileEncoding = 4; lastKnownFileType = sourcecode.swift; path = loginPageSwiftUIView.swift; sourceTree = "<group>"; };
		0FC7384E2B8DE71200566981 /* profileCard.swift */ = {isa = PBXFileReference; fileEncoding = 4; lastKnownFileType = sourcecode.swift; path = profileCard.swift; sourceTree = "<group>"; };
		0FC738542B8DE77B00566981 /* header.swift */ = {isa = PBXFileReference; fileEncoding = 4; lastKnownFileType = sourcecode.swift; path = header.swift; sourceTree = "<group>"; };
		0FC738582B8DE7C400566981 /* Notifications.swift */ = {isa = PBXFileReference; fileEncoding = 4; lastKnownFileType = sourcecode.swift; path = Notifications.swift; sourceTree = "<group>"; };
		0FC7385A2B8DE7D400566981 /* gradient header.swift */ = {isa = PBXFileReference; fileEncoding = 4; lastKnownFileType = sourcecode.swift; path = "gradient header.swift"; sourceTree = "<group>"; };
		0FC7385B2B8DE7D400566981 /* accentLongHeader.swift */ = {isa = PBXFileReference; fileEncoding = 4; lastKnownFileType = sourcecode.swift; path = accentLongHeader.swift; sourceTree = "<group>"; };
		0FC7385C2B8DE7D400566981 /* accentClassViewHeader.swift */ = {isa = PBXFileReference; fileEncoding = 4; lastKnownFileType = sourcecode.swift; path = accentClassViewHeader.swift; sourceTree = "<group>"; };
		0FC7385E2B8DE7D400566981 /* accentHeader.swift */ = {isa = PBXFileReference; fileEncoding = 4; lastKnownFileType = sourcecode.swift; path = accentHeader.swift; sourceTree = "<group>"; };
		0FC738642B8DE7F400566981 /* sectionHeader.swift */ = {isa = PBXFileReference; fileEncoding = 4; lastKnownFileType = sourcecode.swift; path = sectionHeader.swift; sourceTree = "<group>"; };
		0FE4B9362B9052A6008CB61A /* classLocationSwiftUIView.swift */ = {isa = PBXFileReference; fileEncoding = 4; lastKnownFileType = sourcecode.swift; path = classLocationSwiftUIView.swift; sourceTree = "<group>"; };
		842836892BBB3A3000DF4BDE /* myClassesView.swift */ = {isa = PBXFileReference; lastKnownFileType = sourcecode.swift; path = myClassesView.swift; sourceTree = "<group>"; };
		8428368C2BBB522000DF4BDE /* chatView.swift */ = {isa = PBXFileReference; lastKnownFileType = sourcecode.swift; path = chatView.swift; sourceTree = "<group>"; };
		8428368E2BBB524100DF4BDE /* messageView.swift */ = {isa = PBXFileReference; lastKnownFileType = sourcecode.swift; path = messageView.swift; sourceTree = "<group>"; };
		842836902BBB577F00DF4BDE /* message.swift */ = {isa = PBXFileReference; lastKnownFileType = sourcecode.swift; path = message.swift; sourceTree = "<group>"; };
		8449F3902BAD2CFD00135963 /* CalenderView.swift */ = {isa = PBXFileReference; lastKnownFileType = sourcecode.swift; path = CalenderView.swift; sourceTree = "<group>"; };
		8449F3922BAD2E7D00135963 /* calenderPage.swift */ = {isa = PBXFileReference; lastKnownFileType = sourcecode.swift; path = calenderPage.swift; sourceTree = "<group>"; };
		B1EB3CC72BBBDA0500BC7778 /* LandingPageCard.swift */ = {isa = PBXFileReference; lastKnownFileType = sourcecode.swift; path = LandingPageCard.swift; sourceTree = "<group>"; };
		B1EB3CC92BBBDABD00BC7778 /* quickInfoCard.swift */ = {isa = PBXFileReference; lastKnownFileType = sourcecode.swift; path = quickInfoCard.swift; sourceTree = "<group>"; };
		B1EB3CCB2BBBDC3600BC7778 /* reviewCard.swift */ = {isa = PBXFileReference; lastKnownFileType = sourcecode.swift; path = reviewCard.swift; sourceTree = "<group>"; };
		B1EB3CCE2BBBDCBF00BC7778 /* ReviewDetails.swift */ = {isa = PBXFileReference; lastKnownFileType = sourcecode.swift; path = ReviewDetails.swift; sourceTree = "<group>"; };
		DF2246122BB66AC000ED25D4 /* TeacherDetailsView.swift */ = {isa = PBXFileReference; lastKnownFileType = sourcecode.swift; path = TeacherDetailsView.swift; sourceTree = "<group>"; };
		DF2246152BB66DE300ED25D4 /* teacherSubjectList.swift */ = {isa = PBXFileReference; lastKnownFileType = sourcecode.swift; path = teacherSubjectList.swift; sourceTree = "<group>"; };
		DF22461E2BB67A4900ED25D4 /* StudentDetails.swift */ = {isa = PBXFileReference; lastKnownFileType = sourcecode.swift; path = StudentDetails.swift; sourceTree = "<group>"; };
		DF23A2472BA2EFEE00005EDD /* homePageComplete.swift */ = {isa = PBXFileReference; lastKnownFileType = sourcecode.swift; path = homePageComplete.swift; sourceTree = "<group>"; };
		DF283B132BA0801A0061FF83 /* enrolledClassCard.swift */ = {isa = PBXFileReference; lastKnownFileType = sourcecode.swift; path = enrolledClassCard.swift; sourceTree = "<group>"; };
		DF283B152BA086680061FF83 /* enrolledClassCardList.swift */ = {isa = PBXFileReference; lastKnownFileType = sourcecode.swift; path = enrolledClassCardList.swift; sourceTree = "<group>"; };
		DF283B172BA0976F0061FF83 /* updateCourse.swift */ = {isa = PBXFileReference; lastKnownFileType = sourcecode.swift; path = updateCourse.swift; sourceTree = "<group>"; };
		DF578C7C2BA23E3E005D0CA1 /* RequestList.swift */ = {isa = PBXFileReference; lastKnownFileType = sourcecode.swift; path = RequestList.swift; sourceTree = "<group>"; };
		DF578C7E2BA23E59005D0CA1 /* RequestListCard.swift */ = {isa = PBXFileReference; lastKnownFileType = sourcecode.swift; path = RequestListCard.swift; sourceTree = "<group>"; };
		DF6E75412BB6E9C200A93330 /* classLandingPage.swift */ = {isa = PBXFileReference; lastKnownFileType = sourcecode.swift; path = classLandingPage.swift; sourceTree = "<group>"; };
		DF70D9592B9EFAC200461DF0 /* ProfileInputView.swift */ = {isa = PBXFileReference; fileEncoding = 4; lastKnownFileType = sourcecode.swift; path = ProfileInputView.swift; sourceTree = "<group>"; };
		DF70D95B2B9EFAD900461DF0 /* newPassword.swift */ = {isa = PBXFileReference; fileEncoding = 4; lastKnownFileType = sourcecode.swift; path = newPassword.swift; sourceTree = "<group>"; };
		DF860EFA2BA0515C00373BA1 /* skillType.swift */ = {isa = PBXFileReference; lastKnownFileType = sourcecode.swift; path = skillType.swift; sourceTree = "<group>"; };
		DFAB0B8E2BA2586B00C012ED /* signUpView().swift */ = {isa = PBXFileReference; lastKnownFileType = sourcecode.swift; path = "signUpView().swift"; sourceTree = "<group>"; };
		DFAB0B902BA258A400C012ED /* User.swift */ = {isa = PBXFileReference; lastKnownFileType = sourcecode.swift; path = User.swift; sourceTree = "<group>"; };
		DFB4225A2BB275B800562BC3 /* enrolledStudentList.swift */ = {isa = PBXFileReference; lastKnownFileType = sourcecode.swift; path = enrolledStudentList.swift; sourceTree = "<group>"; };
		DFB4225C2BB275DC00562BC3 /* enrolledStudentCard.swift */ = {isa = PBXFileReference; lastKnownFileType = sourcecode.swift; path = enrolledStudentCard.swift; sourceTree = "<group>"; };
		DFCC35F02B9FA01C0087BD00 /* AuthViewModel.swift */ = {isa = PBXFileReference; lastKnownFileType = sourcecode.swift; path = AuthViewModel.swift; sourceTree = "<group>"; };
		DFCC35F22B9FA0E60087BD00 /* GoogleService-Info.plist */ = {isa = PBXFileReference; fileEncoding = 4; lastKnownFileType = text.plist.xml; path = "GoogleService-Info.plist"; sourceTree = "<group>"; };
/* End PBXFileReference section */

/* Begin PBXFrameworksBuildPhase section */
		0FC738082B8DE67E00566981 /* Frameworks */ = {
			isa = PBXFrameworksBuildPhase;
			buildActionMask = 2147483647;
			files = (
				0FA43A8A2B90832C000858CA /* FirebaseFirestoreSwift in Frameworks */,
				0FA43A902B90832C000858CA /* FirebaseRemoteConfigSwift in Frameworks */,
				DF70D9582B9EF49800461DF0 /* FirebaseStorage in Frameworks */,
				0FA43A882B90832C000858CA /* FirebaseDatabaseSwift in Frameworks */,
				0FA43A8E2B90832C000858CA /* FirebaseInAppMessagingSwift-Beta in Frameworks */,
				0FA43A842B90832C000858CA /* FirebaseAnalyticsSwift in Frameworks */,
				0FA43A862B90832C000858CA /* FirebaseAuth in Frameworks */,
				0FA43A822B90832C000858CA /* FirebaseAnalytics in Frameworks */,
			);
			runOnlyForDeploymentPostprocessing = 0;
		};
		0FC738182B8DE68000566981 /* Frameworks */ = {
			isa = PBXFrameworksBuildPhase;
			buildActionMask = 2147483647;
			files = (
			);
			runOnlyForDeploymentPostprocessing = 0;
		};
		0FC738222B8DE68000566981 /* Frameworks */ = {
			isa = PBXFrameworksBuildPhase;
			buildActionMask = 2147483647;
			files = (
			);
			runOnlyForDeploymentPostprocessing = 0;
		};
/* End PBXFrameworksBuildPhase section */

/* Begin PBXGroup section */
		0FA43A802B90832C000858CA /* Frameworks */ = {
			isa = PBXGroup;
			children = (
			);
			name = Frameworks;
			sourceTree = "<group>";
		};
		0FC738022B8DE67E00566981 = {
			isa = PBXGroup;
			children = (
				0FC7380D2B8DE67E00566981 /* LinkTutor(T) */,
				0FC7381E2B8DE68000566981 /* LinkTutor(T)Tests */,
				0FC738282B8DE68000566981 /* LinkTutor(T)UITests */,
				0FC7380C2B8DE67E00566981 /* Products */,
				0FA43A802B90832C000858CA /* Frameworks */,
			);
			sourceTree = "<group>";
		};
		0FC7380C2B8DE67E00566981 /* Products */ = {
			isa = PBXGroup;
			children = (
				0FC7380B2B8DE67E00566981 /* LinkTutor(T).app */,
				0FC7381B2B8DE68000566981 /* LinkTutor(T)Tests.xctest */,
				0FC738252B8DE68000566981 /* LinkTutor(T)UITests.xctest */,
			);
			name = Products;
			sourceTree = "<group>";
		};
		0FC7380D2B8DE67E00566981 /* LinkTutor(T) */ = {
			isa = PBXGroup;
			children = (
				0FC738382B8DE6A400566981 /* appFonts.swift */,
				0FC738102B8DE67E00566981 /* ContentView.swift */,
				0FC7380E2B8DE67E00566981 /* LinkTutor_T_App.swift */,
				DFCC35F22B9FA0E60087BD00 /* GoogleService-Info.plist */,
				DF2246102BB667E200ED25D4 /* HomePage */,
				DF22460F2BB667BF00ED25D4 /* Calender */,
				DF77D2DB2BA0233D000F92D5 /* courseRelated */,
				0F2EF9912B90845600CFE747 /* teachersTimetableSwiftUIView.swift */,
				0FE4B9362B9052A6008CB61A /* classLocationSwiftUIView.swift */,
				DF5337C82BA23502008E6C8B /* studentRelated */,
				0FC738582B8DE7C400566981 /* Notifications.swift */,
				0FE4B9322B903754008CB61A /* login */,
				DF2246142BB66D2900ED25D4 /* TeacherDetails */,
				0FC7385B2B8DE7D400566981 /* accentLongHeader.swift */,
				8428368B2BBB51D800DF4BDE /* chatFeature */,
				0FC7385A2B8DE7D400566981 /* gradient header.swift */,
				0FC7385E2B8DE7D400566981 /* accentHeader.swift */,
				0FC7385C2B8DE7D400566981 /* accentClassViewHeader.swift */,
				0FC738542B8DE77B00566981 /* header.swift */,
				0FC738642B8DE7F400566981 /* sectionHeader.swift */,
				0FC738122B8DE67F00566981 /* Assets.xcassets */,
				0FC738142B8DE67F00566981 /* Preview Content */,
			);
			path = "LinkTutor(T)";
			sourceTree = "<group>";
		};
		0FC738142B8DE67F00566981 /* Preview Content */ = {
			isa = PBXGroup;
			children = (
				0FC738152B8DE67F00566981 /* Preview Assets.xcassets */,
			);
			path = "Preview Content";
			sourceTree = "<group>";
		};
		0FC7381E2B8DE68000566981 /* LinkTutor(T)Tests */ = {
			isa = PBXGroup;
			children = (
				0FC7381F2B8DE68000566981 /* LinkTutor_T_Tests.swift */,
			);
			path = "LinkTutor(T)Tests";
			sourceTree = "<group>";
		};
		0FC738282B8DE68000566981 /* LinkTutor(T)UITests */ = {
			isa = PBXGroup;
			children = (
				0FC738292B8DE68000566981 /* LinkTutor_T_UITests.swift */,
				0FC7382B2B8DE68000566981 /* LinkTutor_T_UITestsLaunchTests.swift */,
			);
			path = "LinkTutor(T)UITests";
			sourceTree = "<group>";
		};
		0FE4B9322B903754008CB61A /* login */ = {
			isa = PBXGroup;
			children = (
				DF77D2DC2BA02365000F92D5 /* firebase */,
				DF70D95B2B9EFAD900461DF0 /* newPassword.swift */,
				0FC738422B8DE6E800566981 /* myProfileView.swift */,
				DFAB0B902BA258A400C012ED /* User.swift */,
				DF70D9592B9EFAC200461DF0 /* ProfileInputView.swift */,
				0FC738462B8DE6F800566981 /* loginPageSwiftUIView.swift */,
				DFAB0B8E2BA2586B00C012ED /* signUpView().swift */,
				0FC7384E2B8DE71200566981 /* profileCard.swift */,
			);
			path = login;
			sourceTree = "<group>";
		};
		8428368B2BBB51D800DF4BDE /* chatFeature */ = {
			isa = PBXGroup;
			children = (
				8428368C2BBB522000DF4BDE /* chatView.swift */,
				842836902BBB577F00DF4BDE /* message.swift */,
				8428368E2BBB524100DF4BDE /* messageView.swift */,
			);
			path = chatFeature;
			sourceTree = "<group>";
		};
		B1EB3CCD2BBBDC3E00BC7778 /* class landing page related */ = {
			isa = PBXGroup;
			children = (
				B1EB3CC92BBBDABD00BC7778 /* quickInfoCard.swift */,
				B1EB3CCB2BBBDC3600BC7778 /* reviewCard.swift */,
				B1EB3CCE2BBBDCBF00BC7778 /* ReviewDetails.swift */,
				B1EB3CC72BBBDA0500BC7778 /* LandingPageCard.swift */,
			);
			path = "class landing page related";
			sourceTree = "<group>";
		};
		DF22460F2BB667BF00ED25D4 /* Calender */ = {
			isa = PBXGroup;
			children = (
				8449F3902BAD2CFD00135963 /* CalenderView.swift */,
				8449F3922BAD2E7D00135963 /* calenderPage.swift */,
			);
			path = Calender;
			sourceTree = "<group>";
		};
		DF2246102BB667E200ED25D4 /* HomePage */ = {
			isa = PBXGroup;
			children = (
				DF23A2472BA2EFEE00005EDD /* homePageComplete.swift */,
				0FC7383A2B8DE6B800566981 /* TeacherHomePage.swift */,
				842836892BBB3A3000DF4BDE /* myClassesView.swift */,
			);
			path = HomePage;
			sourceTree = "<group>";
		};
		DF2246142BB66D2900ED25D4 /* TeacherDetails */ = {
			isa = PBXGroup;
			children = (
				DF2246122BB66AC000ED25D4 /* TeacherDetailsView.swift */,
			);
			path = TeacherDetails;
			sourceTree = "<group>";
		};
		DF22461D2BB6782600ED25D4 /* EnrolledStudents */ = {
			isa = PBXGroup;
			children = (
				DFB4225C2BB275DC00562BC3 /* enrolledStudentCard.swift */,
				DFB4225A2BB275B800562BC3 /* enrolledStudentList.swift */,
				DF2246152BB66DE300ED25D4 /* teacherSubjectList.swift */,
			);
			path = EnrolledStudents;
			sourceTree = "<group>";
		};
		DF5337C82BA23502008E6C8B /* studentRelated */ = {
			isa = PBXGroup;
			children = (
				DF578C7C2BA23E3E005D0CA1 /* RequestList.swift */,
				DF22461E2BB67A4900ED25D4 /* StudentDetails.swift */,
				DF578C7E2BA23E59005D0CA1 /* RequestListCard.swift */,
				DF22461D2BB6782600ED25D4 /* EnrolledStudents */,
			);
			path = studentRelated;
			sourceTree = "<group>";
		};
		DF77D2DB2BA0233D000F92D5 /* courseRelated */ = {
			isa = PBXGroup;
			children = (
				0F3922672B8F20270019ECA5 /* addCoursePage.swift */,
				DF283B132BA0801A0061FF83 /* enrolledClassCard.swift */,
				DF283B152BA086680061FF83 /* enrolledClassCardList.swift */,
				DF6E75412BB6E9C200A93330 /* classLandingPage.swift */,
				B1EB3CCD2BBBDC3E00BC7778 /* class landing page related */,
				DF860EFA2BA0515C00373BA1 /* skillType.swift */,
				DF283B172BA0976F0061FF83 /* updateCourse.swift */,
			);
			path = courseRelated;
			sourceTree = "<group>";
		};
		DF77D2DC2BA02365000F92D5 /* firebase */ = {
			isa = PBXGroup;
			children = (
				DFCC35F02B9FA01C0087BD00 /* AuthViewModel.swift */,
			);
			path = firebase;
			sourceTree = "<group>";
		};
/* End PBXGroup section */

/* Begin PBXNativeTarget section */
		0FC7380A2B8DE67E00566981 /* LinkTutor(T) */ = {
			isa = PBXNativeTarget;
			buildConfigurationList = 0FC7382F2B8DE68000566981 /* Build configuration list for PBXNativeTarget "LinkTutor(T)" */;
			buildPhases = (
				0FC738072B8DE67E00566981 /* Sources */,
				0FC738082B8DE67E00566981 /* Frameworks */,
				0FC738092B8DE67E00566981 /* Resources */,
			);
			buildRules = (
			);
			dependencies = (
			);
			name = "LinkTutor(T)";
			packageProductDependencies = (
				0FA43A812B90832C000858CA /* FirebaseAnalytics */,
				0FA43A832B90832C000858CA /* FirebaseAnalyticsSwift */,
				0FA43A852B90832C000858CA /* FirebaseAuth */,
				0FA43A872B90832C000858CA /* FirebaseDatabaseSwift */,
				0FA43A892B90832C000858CA /* FirebaseFirestoreSwift */,
				0FA43A8D2B90832C000858CA /* FirebaseInAppMessagingSwift-Beta */,
				0FA43A8F2B90832C000858CA /* FirebaseRemoteConfigSwift */,
				DF70D9572B9EF49800461DF0 /* FirebaseStorage */,
			);
			productName = "LinkTutor(T)";
			productReference = 0FC7380B2B8DE67E00566981 /* LinkTutor(T).app */;
			productType = "com.apple.product-type.application";
		};
		0FC7381A2B8DE68000566981 /* LinkTutor(T)Tests */ = {
			isa = PBXNativeTarget;
			buildConfigurationList = 0FC738322B8DE68000566981 /* Build configuration list for PBXNativeTarget "LinkTutor(T)Tests" */;
			buildPhases = (
				0FC738172B8DE68000566981 /* Sources */,
				0FC738182B8DE68000566981 /* Frameworks */,
				0FC738192B8DE68000566981 /* Resources */,
			);
			buildRules = (
			);
			dependencies = (
				0FC7381D2B8DE68000566981 /* PBXTargetDependency */,
			);
			name = "LinkTutor(T)Tests";
			productName = "LinkTutor(T)Tests";
			productReference = 0FC7381B2B8DE68000566981 /* LinkTutor(T)Tests.xctest */;
			productType = "com.apple.product-type.bundle.unit-test";
		};
		0FC738242B8DE68000566981 /* LinkTutor(T)UITests */ = {
			isa = PBXNativeTarget;
			buildConfigurationList = 0FC738352B8DE68000566981 /* Build configuration list for PBXNativeTarget "LinkTutor(T)UITests" */;
			buildPhases = (
				0FC738212B8DE68000566981 /* Sources */,
				0FC738222B8DE68000566981 /* Frameworks */,
				0FC738232B8DE68000566981 /* Resources */,
			);
			buildRules = (
			);
			dependencies = (
				0FC738272B8DE68000566981 /* PBXTargetDependency */,
			);
			name = "LinkTutor(T)UITests";
			productName = "LinkTutor(T)UITests";
			productReference = 0FC738252B8DE68000566981 /* LinkTutor(T)UITests.xctest */;
			productType = "com.apple.product-type.bundle.ui-testing";
		};
/* End PBXNativeTarget section */

/* Begin PBXProject section */
		0FC738032B8DE67E00566981 /* Project object */ = {
			isa = PBXProject;
			attributes = {
				BuildIndependentTargetsInParallel = 1;
				LastSwiftUpdateCheck = 1520;
				LastUpgradeCheck = 1520;
				TargetAttributes = {
					0FC7380A2B8DE67E00566981 = {
						CreatedOnToolsVersion = 15.2;
					};
					0FC7381A2B8DE68000566981 = {
						CreatedOnToolsVersion = 15.2;
						TestTargetID = 0FC7380A2B8DE67E00566981;
					};
					0FC738242B8DE68000566981 = {
						CreatedOnToolsVersion = 15.2;
						TestTargetID = 0FC7380A2B8DE67E00566981;
					};
				};
			};
			buildConfigurationList = 0FC738062B8DE67E00566981 /* Build configuration list for PBXProject "LinkTutor(T)" */;
			compatibilityVersion = "Xcode 14.0";
			developmentRegion = en;
			hasScannedForEncodings = 0;
			knownRegions = (
				en,
				Base,
			);
			mainGroup = 0FC738022B8DE67E00566981;
			packageReferences = (
				0FA43A7F2B908306000858CA /* XCRemoteSwiftPackageReference "firebase-ios-sdk" */,
			);
			productRefGroup = 0FC7380C2B8DE67E00566981 /* Products */;
			projectDirPath = "";
			projectRoot = "";
			targets = (
				0FC7380A2B8DE67E00566981 /* LinkTutor(T) */,
				0FC7381A2B8DE68000566981 /* LinkTutor(T)Tests */,
				0FC738242B8DE68000566981 /* LinkTutor(T)UITests */,
			);
		};
/* End PBXProject section */

/* Begin PBXResourcesBuildPhase section */
		0FC738092B8DE67E00566981 /* Resources */ = {
			isa = PBXResourcesBuildPhase;
			buildActionMask = 2147483647;
			files = (
				0FC738162B8DE67F00566981 /* Preview Assets.xcassets in Resources */,
				0FC738132B8DE67F00566981 /* Assets.xcassets in Resources */,
				DFCC35F32B9FA0E60087BD00 /* GoogleService-Info.plist in Resources */,
			);
			runOnlyForDeploymentPostprocessing = 0;
		};
		0FC738192B8DE68000566981 /* Resources */ = {
			isa = PBXResourcesBuildPhase;
			buildActionMask = 2147483647;
			files = (
			);
			runOnlyForDeploymentPostprocessing = 0;
		};
		0FC738232B8DE68000566981 /* Resources */ = {
			isa = PBXResourcesBuildPhase;
			buildActionMask = 2147483647;
			files = (
			);
			runOnlyForDeploymentPostprocessing = 0;
		};
/* End PBXResourcesBuildPhase section */

/* Begin PBXSourcesBuildPhase section */
		0FC738072B8DE67E00566981 /* Sources */ = {
			isa = PBXSourcesBuildPhase;
			buildActionMask = 2147483647;
			files = (
				DF283B162BA086680061FF83 /* enrolledClassCardList.swift in Sources */,
				8428368A2BBB3A3000DF4BDE /* myClassesView.swift in Sources */,
				0FC738432B8DE6E800566981 /* myProfileView.swift in Sources */,
				0F3922682B8F20270019ECA5 /* addCoursePage.swift in Sources */,
				0FC738592B8DE7C400566981 /* Notifications.swift in Sources */,
				DFB4225D2BB275DC00562BC3 /* enrolledStudentCard.swift in Sources */,
				0FC7384B2B8DE6F800566981 /* loginPageSwiftUIView.swift in Sources */,
				B1EB3CCC2BBBDC3600BC7778 /* reviewCard.swift in Sources */,
				0FC7385F2B8DE7D500566981 /* gradient header.swift in Sources */,
				0FE4B9372B9052A6008CB61A /* classLocationSwiftUIView.swift in Sources */,
				0FC738112B8DE67E00566981 /* ContentView.swift in Sources */,
				0FC7380F2B8DE67E00566981 /* LinkTutor_T_App.swift in Sources */,
				DF860EFB2BA0515C00373BA1 /* skillType.swift in Sources */,
				8428368D2BBB522000DF4BDE /* chatView.swift in Sources */,
				DF2246162BB66DE300ED25D4 /* teacherSubjectList.swift in Sources */,
				0FC738552B8DE77B00566981 /* header.swift in Sources */,
				DF70D95A2B9EFAC200461DF0 /* ProfileInputView.swift in Sources */,
				0FC738632B8DE7D500566981 /* accentHeader.swift in Sources */,
				B1EB3CCF2BBBDCBF00BC7778 /* ReviewDetails.swift in Sources */,
				0FC738652B8DE7F400566981 /* sectionHeader.swift in Sources */,
				0FC7384F2B8DE71200566981 /* profileCard.swift in Sources */,
				DF283B182BA097700061FF83 /* updateCourse.swift in Sources */,
				0FC7383B2B8DE6B800566981 /* TeacherHomePage.swift in Sources */,
				DF70D95C2B9EFAD900461DF0 /* newPassword.swift in Sources */,
				DF22461F2BB67A4900ED25D4 /* StudentDetails.swift in Sources */,
				DFAB0B912BA258A400C012ED /* User.swift in Sources */,
				B1EB3CC82BBBDA0500BC7778 /* LandingPageCard.swift in Sources */,
				DF6E75422BB6E9C200A93330 /* classLandingPage.swift in Sources */,
				0FC738612B8DE7D500566981 /* accentClassViewHeader.swift in Sources */,
				DFB4225B2BB275B800562BC3 /* enrolledStudentList.swift in Sources */,
				0FC738392B8DE6A400566981 /* appFonts.swift in Sources */,
				DF578C7F2BA23E59005D0CA1 /* RequestListCard.swift in Sources */,
				8428368F2BBB524100DF4BDE /* messageView.swift in Sources */,
				DF578C7D2BA23E3E005D0CA1 /* RequestList.swift in Sources */,
				B1EB3CCA2BBBDABD00BC7778 /* quickInfoCard.swift in Sources */,
				DFAB0B8F2BA2586B00C012ED /* signUpView().swift in Sources */,
				DF2246132BB66AC000ED25D4 /* TeacherDetailsView.swift in Sources */,
				0FC738602B8DE7D500566981 /* accentLongHeader.swift in Sources */,
				842836912BBB577F00DF4BDE /* message.swift in Sources */,
				8449F3932BAD2E7D00135963 /* calenderPage.swift in Sources */,
				DFCC35F12B9FA01C0087BD00 /* AuthViewModel.swift in Sources */,
				0F2EF9922B90845600CFE747 /* teachersTimetableSwiftUIView.swift in Sources */,
				DF23A2482BA2EFEE00005EDD /* homePageComplete.swift in Sources */,
				DF283B142BA0801A0061FF83 /* enrolledClassCard.swift in Sources */,
				8449F3912BAD2CFD00135963 /* CalenderView.swift in Sources */,
			);
			runOnlyForDeploymentPostprocessing = 0;
		};
		0FC738172B8DE68000566981 /* Sources */ = {
			isa = PBXSourcesBuildPhase;
			buildActionMask = 2147483647;
			files = (
				0FC738202B8DE68000566981 /* LinkTutor_T_Tests.swift in Sources */,
			);
			runOnlyForDeploymentPostprocessing = 0;
		};
		0FC738212B8DE68000566981 /* Sources */ = {
			isa = PBXSourcesBuildPhase;
			buildActionMask = 2147483647;
			files = (
				0FC7382C2B8DE68000566981 /* LinkTutor_T_UITestsLaunchTests.swift in Sources */,
				0FC7382A2B8DE68000566981 /* LinkTutor_T_UITests.swift in Sources */,
			);
			runOnlyForDeploymentPostprocessing = 0;
		};
/* End PBXSourcesBuildPhase section */

/* Begin PBXTargetDependency section */
		0FC7381D2B8DE68000566981 /* PBXTargetDependency */ = {
			isa = PBXTargetDependency;
			target = 0FC7380A2B8DE67E00566981 /* LinkTutor(T) */;
			targetProxy = 0FC7381C2B8DE68000566981 /* PBXContainerItemProxy */;
		};
		0FC738272B8DE68000566981 /* PBXTargetDependency */ = {
			isa = PBXTargetDependency;
			target = 0FC7380A2B8DE67E00566981 /* LinkTutor(T) */;
			targetProxy = 0FC738262B8DE68000566981 /* PBXContainerItemProxy */;
		};
/* End PBXTargetDependency section */

/* Begin XCBuildConfiguration section */
		0FC7382D2B8DE68000566981 /* Debug */ = {
			isa = XCBuildConfiguration;
			buildSettings = {
				ALWAYS_SEARCH_USER_PATHS = NO;
				ASSETCATALOG_COMPILER_GENERATE_SWIFT_ASSET_SYMBOL_EXTENSIONS = YES;
				CLANG_ANALYZER_NONNULL = YES;
				CLANG_ANALYZER_NUMBER_OBJECT_CONVERSION = YES_AGGRESSIVE;
				CLANG_CXX_LANGUAGE_STANDARD = "gnu++20";
				CLANG_ENABLE_MODULES = YES;
				CLANG_ENABLE_OBJC_ARC = YES;
				CLANG_ENABLE_OBJC_WEAK = YES;
				CLANG_WARN_BLOCK_CAPTURE_AUTORELEASING = YES;
				CLANG_WARN_BOOL_CONVERSION = YES;
				CLANG_WARN_COMMA = YES;
				CLANG_WARN_CONSTANT_CONVERSION = YES;
				CLANG_WARN_DEPRECATED_OBJC_IMPLEMENTATIONS = YES;
				CLANG_WARN_DIRECT_OBJC_ISA_USAGE = YES_ERROR;
				CLANG_WARN_DOCUMENTATION_COMMENTS = YES;
				CLANG_WARN_EMPTY_BODY = YES;
				CLANG_WARN_ENUM_CONVERSION = YES;
				CLANG_WARN_INFINITE_RECURSION = YES;
				CLANG_WARN_INT_CONVERSION = YES;
				CLANG_WARN_NON_LITERAL_NULL_CONVERSION = YES;
				CLANG_WARN_OBJC_IMPLICIT_RETAIN_SELF = YES;
				CLANG_WARN_OBJC_LITERAL_CONVERSION = YES;
				CLANG_WARN_OBJC_ROOT_CLASS = YES_ERROR;
				CLANG_WARN_QUOTED_INCLUDE_IN_FRAMEWORK_HEADER = YES;
				CLANG_WARN_RANGE_LOOP_ANALYSIS = YES;
				CLANG_WARN_STRICT_PROTOTYPES = YES;
				CLANG_WARN_SUSPICIOUS_MOVE = YES;
				CLANG_WARN_UNGUARDED_AVAILABILITY = YES_AGGRESSIVE;
				CLANG_WARN_UNREACHABLE_CODE = YES;
				CLANG_WARN__DUPLICATE_METHOD_MATCH = YES;
				COPY_PHASE_STRIP = NO;
				DEBUG_INFORMATION_FORMAT = dwarf;
				ENABLE_STRICT_OBJC_MSGSEND = YES;
				ENABLE_TESTABILITY = YES;
				ENABLE_USER_SCRIPT_SANDBOXING = YES;
				GCC_C_LANGUAGE_STANDARD = gnu17;
				GCC_DYNAMIC_NO_PIC = NO;
				GCC_NO_COMMON_BLOCKS = YES;
				GCC_OPTIMIZATION_LEVEL = 0;
				GCC_PREPROCESSOR_DEFINITIONS = (
					"DEBUG=1",
					"$(inherited)",
				);
				GCC_WARN_64_TO_32_BIT_CONVERSION = YES;
				GCC_WARN_ABOUT_RETURN_TYPE = YES_ERROR;
				GCC_WARN_UNDECLARED_SELECTOR = YES;
				GCC_WARN_UNINITIALIZED_AUTOS = YES_AGGRESSIVE;
				GCC_WARN_UNUSED_FUNCTION = YES;
				GCC_WARN_UNUSED_VARIABLE = YES;
				IPHONEOS_DEPLOYMENT_TARGET = 17.2;
				LOCALIZATION_PREFERS_STRING_CATALOGS = YES;
				MTL_ENABLE_DEBUG_INFO = INCLUDE_SOURCE;
				MTL_FAST_MATH = YES;
				ONLY_ACTIVE_ARCH = YES;
				SDKROOT = iphoneos;
				SWIFT_ACTIVE_COMPILATION_CONDITIONS = "DEBUG $(inherited)";
				SWIFT_OPTIMIZATION_LEVEL = "-Onone";
			};
			name = Debug;
		};
		0FC7382E2B8DE68000566981 /* Release */ = {
			isa = XCBuildConfiguration;
			buildSettings = {
				ALWAYS_SEARCH_USER_PATHS = NO;
				ASSETCATALOG_COMPILER_GENERATE_SWIFT_ASSET_SYMBOL_EXTENSIONS = YES;
				CLANG_ANALYZER_NONNULL = YES;
				CLANG_ANALYZER_NUMBER_OBJECT_CONVERSION = YES_AGGRESSIVE;
				CLANG_CXX_LANGUAGE_STANDARD = "gnu++20";
				CLANG_ENABLE_MODULES = YES;
				CLANG_ENABLE_OBJC_ARC = YES;
				CLANG_ENABLE_OBJC_WEAK = YES;
				CLANG_WARN_BLOCK_CAPTURE_AUTORELEASING = YES;
				CLANG_WARN_BOOL_CONVERSION = YES;
				CLANG_WARN_COMMA = YES;
				CLANG_WARN_CONSTANT_CONVERSION = YES;
				CLANG_WARN_DEPRECATED_OBJC_IMPLEMENTATIONS = YES;
				CLANG_WARN_DIRECT_OBJC_ISA_USAGE = YES_ERROR;
				CLANG_WARN_DOCUMENTATION_COMMENTS = YES;
				CLANG_WARN_EMPTY_BODY = YES;
				CLANG_WARN_ENUM_CONVERSION = YES;
				CLANG_WARN_INFINITE_RECURSION = YES;
				CLANG_WARN_INT_CONVERSION = YES;
				CLANG_WARN_NON_LITERAL_NULL_CONVERSION = YES;
				CLANG_WARN_OBJC_IMPLICIT_RETAIN_SELF = YES;
				CLANG_WARN_OBJC_LITERAL_CONVERSION = YES;
				CLANG_WARN_OBJC_ROOT_CLASS = YES_ERROR;
				CLANG_WARN_QUOTED_INCLUDE_IN_FRAMEWORK_HEADER = YES;
				CLANG_WARN_RANGE_LOOP_ANALYSIS = YES;
				CLANG_WARN_STRICT_PROTOTYPES = YES;
				CLANG_WARN_SUSPICIOUS_MOVE = YES;
				CLANG_WARN_UNGUARDED_AVAILABILITY = YES_AGGRESSIVE;
				CLANG_WARN_UNREACHABLE_CODE = YES;
				CLANG_WARN__DUPLICATE_METHOD_MATCH = YES;
				COPY_PHASE_STRIP = NO;
				DEBUG_INFORMATION_FORMAT = "dwarf-with-dsym";
				ENABLE_NS_ASSERTIONS = NO;
				ENABLE_STRICT_OBJC_MSGSEND = YES;
				ENABLE_USER_SCRIPT_SANDBOXING = YES;
				GCC_C_LANGUAGE_STANDARD = gnu17;
				GCC_NO_COMMON_BLOCKS = YES;
				GCC_WARN_64_TO_32_BIT_CONVERSION = YES;
				GCC_WARN_ABOUT_RETURN_TYPE = YES_ERROR;
				GCC_WARN_UNDECLARED_SELECTOR = YES;
				GCC_WARN_UNINITIALIZED_AUTOS = YES_AGGRESSIVE;
				GCC_WARN_UNUSED_FUNCTION = YES;
				GCC_WARN_UNUSED_VARIABLE = YES;
				IPHONEOS_DEPLOYMENT_TARGET = 17.2;
				LOCALIZATION_PREFERS_STRING_CATALOGS = YES;
				MTL_ENABLE_DEBUG_INFO = NO;
				MTL_FAST_MATH = YES;
				SDKROOT = iphoneos;
				SWIFT_COMPILATION_MODE = wholemodule;
				VALIDATE_PRODUCT = YES;
			};
			name = Release;
		};
		0FC738302B8DE68000566981 /* Debug */ = {
			isa = XCBuildConfiguration;
			buildSettings = {
				ASSETCATALOG_COMPILER_APPICON_NAME = AppIcon;
				ASSETCATALOG_COMPILER_GLOBAL_ACCENT_COLOR_NAME = AccentColor;
				CODE_SIGN_STYLE = Automatic;
				CURRENT_PROJECT_VERSION = 1;
				DEVELOPMENT_ASSET_PATHS = "\"LinkTutor(T)/Preview Content\"";
				ENABLE_PREVIEWS = YES;
				GENERATE_INFOPLIST_FILE = YES;
				INFOPLIST_KEY_UIApplicationSceneManifest_Generation = YES;
				INFOPLIST_KEY_UIApplicationSupportsIndirectInputEvents = YES;
				INFOPLIST_KEY_UILaunchScreen_Generation = YES;
				INFOPLIST_KEY_UISupportedInterfaceOrientations_iPad = "UIInterfaceOrientationPortrait UIInterfaceOrientationPortraitUpsideDown UIInterfaceOrientationLandscapeLeft UIInterfaceOrientationLandscapeRight";
				INFOPLIST_KEY_UISupportedInterfaceOrientations_iPhone = "UIInterfaceOrientationPortrait UIInterfaceOrientationLandscapeLeft UIInterfaceOrientationLandscapeRight";
				IPHONEOS_DEPLOYMENT_TARGET = 17.0;
				LD_RUNPATH_SEARCH_PATHS = (
					"$(inherited)",
					"@executable_path/Frameworks",
				);
				MARKETING_VERSION = 1.0;
				PRODUCT_BUNDLE_IDENTIFIER = "an6189-srmit.edu.in.LinkTutor-T-";
				PRODUCT_NAME = "$(TARGET_NAME)";
				SWIFT_EMIT_LOC_STRINGS = YES;
				SWIFT_VERSION = 5.0;
				TARGETED_DEVICE_FAMILY = "1,2";
			};
			name = Debug;
		};
		0FC738312B8DE68000566981 /* Release */ = {
			isa = XCBuildConfiguration;
			buildSettings = {
				ASSETCATALOG_COMPILER_APPICON_NAME = AppIcon;
				ASSETCATALOG_COMPILER_GLOBAL_ACCENT_COLOR_NAME = AccentColor;
				CODE_SIGN_STYLE = Automatic;
				CURRENT_PROJECT_VERSION = 1;
				DEVELOPMENT_ASSET_PATHS = "\"LinkTutor(T)/Preview Content\"";
				ENABLE_PREVIEWS = YES;
				GENERATE_INFOPLIST_FILE = YES;
				INFOPLIST_KEY_UIApplicationSceneManifest_Generation = YES;
				INFOPLIST_KEY_UIApplicationSupportsIndirectInputEvents = YES;
				INFOPLIST_KEY_UILaunchScreen_Generation = YES;
				INFOPLIST_KEY_UISupportedInterfaceOrientations_iPad = "UIInterfaceOrientationPortrait UIInterfaceOrientationPortraitUpsideDown UIInterfaceOrientationLandscapeLeft UIInterfaceOrientationLandscapeRight";
				INFOPLIST_KEY_UISupportedInterfaceOrientations_iPhone = "UIInterfaceOrientationPortrait UIInterfaceOrientationLandscapeLeft UIInterfaceOrientationLandscapeRight";
				IPHONEOS_DEPLOYMENT_TARGET = 17.0;
				LD_RUNPATH_SEARCH_PATHS = (
					"$(inherited)",
					"@executable_path/Frameworks",
				);
				MARKETING_VERSION = 1.0;
				PRODUCT_BUNDLE_IDENTIFIER = "an6189-srmit.edu.in.LinkTutor-T-";
				PRODUCT_NAME = "$(TARGET_NAME)";
				SWIFT_EMIT_LOC_STRINGS = YES;
				SWIFT_VERSION = 5.0;
				TARGETED_DEVICE_FAMILY = "1,2";
			};
			name = Release;
		};
		0FC738332B8DE68000566981 /* Debug */ = {
			isa = XCBuildConfiguration;
			buildSettings = {
				ALWAYS_EMBED_SWIFT_STANDARD_LIBRARIES = YES;
				BUNDLE_LOADER = "$(TEST_HOST)";
				CODE_SIGN_STYLE = Automatic;
				CURRENT_PROJECT_VERSION = 1;
				GENERATE_INFOPLIST_FILE = YES;
				IPHONEOS_DEPLOYMENT_TARGET = 17.2;
				MARKETING_VERSION = 1.0;
				PRODUCT_BUNDLE_IDENTIFIER = "an6189-srmit.edu.in.LinkTutor-T-Tests";
				PRODUCT_NAME = "$(TARGET_NAME)";
				SWIFT_EMIT_LOC_STRINGS = NO;
				SWIFT_VERSION = 5.0;
				TARGETED_DEVICE_FAMILY = "1,2";
				TEST_HOST = "$(BUILT_PRODUCTS_DIR)/LinkTutor(T).app/$(BUNDLE_EXECUTABLE_FOLDER_PATH)/LinkTutor(T)";
			};
			name = Debug;
		};
		0FC738342B8DE68000566981 /* Release */ = {
			isa = XCBuildConfiguration;
			buildSettings = {
				ALWAYS_EMBED_SWIFT_STANDARD_LIBRARIES = YES;
				BUNDLE_LOADER = "$(TEST_HOST)";
				CODE_SIGN_STYLE = Automatic;
				CURRENT_PROJECT_VERSION = 1;
				GENERATE_INFOPLIST_FILE = YES;
				IPHONEOS_DEPLOYMENT_TARGET = 17.2;
				MARKETING_VERSION = 1.0;
				PRODUCT_BUNDLE_IDENTIFIER = "an6189-srmit.edu.in.LinkTutor-T-Tests";
				PRODUCT_NAME = "$(TARGET_NAME)";
				SWIFT_EMIT_LOC_STRINGS = NO;
				SWIFT_VERSION = 5.0;
				TARGETED_DEVICE_FAMILY = "1,2";
				TEST_HOST = "$(BUILT_PRODUCTS_DIR)/LinkTutor(T).app/$(BUNDLE_EXECUTABLE_FOLDER_PATH)/LinkTutor(T)";
			};
			name = Release;
		};
		0FC738362B8DE68000566981 /* Debug */ = {
			isa = XCBuildConfiguration;
			buildSettings = {
				ALWAYS_EMBED_SWIFT_STANDARD_LIBRARIES = YES;
				CODE_SIGN_STYLE = Automatic;
				CURRENT_PROJECT_VERSION = 1;
				GENERATE_INFOPLIST_FILE = YES;
				MARKETING_VERSION = 1.0;
				PRODUCT_BUNDLE_IDENTIFIER = "an6189-srmit.edu.in.LinkTutor-T-UITests";
				PRODUCT_NAME = "$(TARGET_NAME)";
				SWIFT_EMIT_LOC_STRINGS = NO;
				SWIFT_VERSION = 5.0;
				TARGETED_DEVICE_FAMILY = "1,2";
				TEST_TARGET_NAME = "LinkTutor(T)";
			};
			name = Debug;
		};
		0FC738372B8DE68000566981 /* Release */ = {
			isa = XCBuildConfiguration;
			buildSettings = {
				ALWAYS_EMBED_SWIFT_STANDARD_LIBRARIES = YES;
				CODE_SIGN_STYLE = Automatic;
				CURRENT_PROJECT_VERSION = 1;
				GENERATE_INFOPLIST_FILE = YES;
				MARKETING_VERSION = 1.0;
				PRODUCT_BUNDLE_IDENTIFIER = "an6189-srmit.edu.in.LinkTutor-T-UITests";
				PRODUCT_NAME = "$(TARGET_NAME)";
				SWIFT_EMIT_LOC_STRINGS = NO;
				SWIFT_VERSION = 5.0;
				TARGETED_DEVICE_FAMILY = "1,2";
				TEST_TARGET_NAME = "LinkTutor(T)";
			};
			name = Release;
		};
/* End XCBuildConfiguration section */

/* Begin XCConfigurationList section */
		0FC738062B8DE67E00566981 /* Build configuration list for PBXProject "LinkTutor(T)" */ = {
			isa = XCConfigurationList;
			buildConfigurations = (
				0FC7382D2B8DE68000566981 /* Debug */,
				0FC7382E2B8DE68000566981 /* Release */,
			);
			defaultConfigurationIsVisible = 0;
			defaultConfigurationName = Release;
		};
		0FC7382F2B8DE68000566981 /* Build configuration list for PBXNativeTarget "LinkTutor(T)" */ = {
			isa = XCConfigurationList;
			buildConfigurations = (
				0FC738302B8DE68000566981 /* Debug */,
				0FC738312B8DE68000566981 /* Release */,
			);
			defaultConfigurationIsVisible = 0;
			defaultConfigurationName = Release;
		};
		0FC738322B8DE68000566981 /* Build configuration list for PBXNativeTarget "LinkTutor(T)Tests" */ = {
			isa = XCConfigurationList;
			buildConfigurations = (
				0FC738332B8DE68000566981 /* Debug */,
				0FC738342B8DE68000566981 /* Release */,
			);
			defaultConfigurationIsVisible = 0;
			defaultConfigurationName = Release;
		};
		0FC738352B8DE68000566981 /* Build configuration list for PBXNativeTarget "LinkTutor(T)UITests" */ = {
			isa = XCConfigurationList;
			buildConfigurations = (
				0FC738362B8DE68000566981 /* Debug */,
				0FC738372B8DE68000566981 /* Release */,
			);
			defaultConfigurationIsVisible = 0;
			defaultConfigurationName = Release;
		};
/* End XCConfigurationList section */

/* Begin XCRemoteSwiftPackageReference section */
		0FA43A7F2B908306000858CA /* XCRemoteSwiftPackageReference "firebase-ios-sdk" */ = {
			isa = XCRemoteSwiftPackageReference;
			repositoryURL = "https://github.com/firebase/firebase-ios-sdk";
			requirement = {
				kind = upToNextMajorVersion;
				minimumVersion = 10.21.0;
			};
		};
/* End XCRemoteSwiftPackageReference section */

/* Begin XCSwiftPackageProductDependency section */
		0FA43A812B90832C000858CA /* FirebaseAnalytics */ = {
			isa = XCSwiftPackageProductDependency;
			package = 0FA43A7F2B908306000858CA /* XCRemoteSwiftPackageReference "firebase-ios-sdk" */;
			productName = FirebaseAnalytics;
		};
		0FA43A832B90832C000858CA /* FirebaseAnalyticsSwift */ = {
			isa = XCSwiftPackageProductDependency;
			package = 0FA43A7F2B908306000858CA /* XCRemoteSwiftPackageReference "firebase-ios-sdk" */;
			productName = FirebaseAnalyticsSwift;
		};
		0FA43A852B90832C000858CA /* FirebaseAuth */ = {
			isa = XCSwiftPackageProductDependency;
			package = 0FA43A7F2B908306000858CA /* XCRemoteSwiftPackageReference "firebase-ios-sdk" */;
			productName = FirebaseAuth;
		};
		0FA43A872B90832C000858CA /* FirebaseDatabaseSwift */ = {
			isa = XCSwiftPackageProductDependency;
			package = 0FA43A7F2B908306000858CA /* XCRemoteSwiftPackageReference "firebase-ios-sdk" */;
			productName = FirebaseDatabaseSwift;
		};
		0FA43A892B90832C000858CA /* FirebaseFirestoreSwift */ = {
			isa = XCSwiftPackageProductDependency;
			package = 0FA43A7F2B908306000858CA /* XCRemoteSwiftPackageReference "firebase-ios-sdk" */;
			productName = FirebaseFirestoreSwift;
		};
		0FA43A8D2B90832C000858CA /* FirebaseInAppMessagingSwift-Beta */ = {
			isa = XCSwiftPackageProductDependency;
			package = 0FA43A7F2B908306000858CA /* XCRemoteSwiftPackageReference "firebase-ios-sdk" */;
			productName = "FirebaseInAppMessagingSwift-Beta";
		};
		0FA43A8F2B90832C000858CA /* FirebaseRemoteConfigSwift */ = {
			isa = XCSwiftPackageProductDependency;
			package = 0FA43A7F2B908306000858CA /* XCRemoteSwiftPackageReference "firebase-ios-sdk" */;
			productName = FirebaseRemoteConfigSwift;
		};
		DF70D9572B9EF49800461DF0 /* FirebaseStorage */ = {
			isa = XCSwiftPackageProductDependency;
			package = 0FA43A7F2B908306000858CA /* XCRemoteSwiftPackageReference "firebase-ios-sdk" */;
			productName = FirebaseStorage;
		};
/* End XCSwiftPackageProductDependency section */
	};
	rootObject = 0FC738032B8DE67E00566981 /* Project object */;
}
